// !$*UTF8*$!
{
	archiveVersion = 1;
	classes = {
	};
	objectVersion = 50;
	objects = {

/* Begin PBXBuildFile section */
		CE9BF034257FAF0500A64593 /* AppDelegate.swift in Sources */ = {isa = PBXBuildFile; fileRef = CE9BF033257FAF0500A64593 /* AppDelegate.swift */; };
		CE9BF036257FAF0500A64593 /* SceneDelegate.swift in Sources */ = {isa = PBXBuildFile; fileRef = CE9BF035257FAF0500A64593 /* SceneDelegate.swift */; };
		CE9BF038257FAF0500A64593 /* ViewController.swift in Sources */ = {isa = PBXBuildFile; fileRef = CE9BF037257FAF0500A64593 /* ViewController.swift */; };
		CE9BF03B257FAF0500A64593 /* Main.storyboard in Resources */ = {isa = PBXBuildFile; fileRef = CE9BF039257FAF0500A64593 /* Main.storyboard */; };
		CE9BF03E257FAF0500A64593 /* Reciplease.xcdatamodeld in Sources */ = {isa = PBXBuildFile; fileRef = CE9BF03C257FAF0500A64593 /* Reciplease.xcdatamodeld */; };
		CE9BF040257FAF0800A64593 /* Assets.xcassets in Resources */ = {isa = PBXBuildFile; fileRef = CE9BF03F257FAF0800A64593 /* Assets.xcassets */; };
		CE9BF043257FAF0800A64593 /* LaunchScreen.storyboard in Resources */ = {isa = PBXBuildFile; fileRef = CE9BF041257FAF0800A64593 /* LaunchScreen.storyboard */; };
		CE9BF04E257FAF0800A64593 /* RecipleaseTests.swift in Sources */ = {isa = PBXBuildFile; fileRef = CE9BF04D257FAF0800A64593 /* RecipleaseTests.swift */; };
		CE9BF059257FAF0800A64593 /* RecipleaseUITests.swift in Sources */ = {isa = PBXBuildFile; fileRef = CE9BF058257FAF0800A64593 /* RecipleaseUITests.swift */; };
/* End PBXBuildFile section */

/* Begin PBXContainerItemProxy section */
		CE9BF04A257FAF0800A64593 /* PBXContainerItemProxy */ = {
			isa = PBXContainerItemProxy;
			containerPortal = CE9BF028257FAF0500A64593 /* Project object */;
			proxyType = 1;
			remoteGlobalIDString = CE9BF02F257FAF0500A64593;
			remoteInfo = Reciplease;
		};
		CE9BF055257FAF0800A64593 /* PBXContainerItemProxy */ = {
			isa = PBXContainerItemProxy;
			containerPortal = CE9BF028257FAF0500A64593 /* Project object */;
			proxyType = 1;
			remoteGlobalIDString = CE9BF02F257FAF0500A64593;
			remoteInfo = Reciplease;
		};
/* End PBXContainerItemProxy section */

/* Begin PBXFileReference section */
		CE9BF030257FAF0500A64593 /* Reciplease.app */ = {isa = PBXFileReference; explicitFileType = wrapper.application; includeInIndex = 0; path = Reciplease.app; sourceTree = BUILT_PRODUCTS_DIR; };
		CE9BF033257FAF0500A64593 /* AppDelegate.swift */ = {isa = PBXFileReference; lastKnownFileType = sourcecode.swift; path = AppDelegate.swift; sourceTree = "<group>"; };
		CE9BF035257FAF0500A64593 /* SceneDelegate.swift */ = {isa = PBXFileReference; lastKnownFileType = sourcecode.swift; path = SceneDelegate.swift; sourceTree = "<group>"; };
		CE9BF037257FAF0500A64593 /* ViewController.swift */ = {isa = PBXFileReference; lastKnownFileType = sourcecode.swift; path = ViewController.swift; sourceTree = "<group>"; };
		CE9BF03A257FAF0500A64593 /* Base */ = {isa = PBXFileReference; lastKnownFileType = file.storyboard; name = Base; path = Base.lproj/Main.storyboard; sourceTree = "<group>"; };
		CE9BF03D257FAF0500A64593 /* Reciplease.xcdatamodel */ = {isa = PBXFileReference; lastKnownFileType = wrapper.xcdatamodel; path = Reciplease.xcdatamodel; sourceTree = "<group>"; };
		CE9BF03F257FAF0800A64593 /* Assets.xcassets */ = {isa = PBXFileReference; lastKnownFileType = folder.assetcatalog; path = Assets.xcassets; sourceTree = "<group>"; };
		CE9BF042257FAF0800A64593 /* Base */ = {isa = PBXFileReference; lastKnownFileType = file.storyboard; name = Base; path = Base.lproj/LaunchScreen.storyboard; sourceTree = "<group>"; };
		CE9BF044257FAF0800A64593 /* Info.plist */ = {isa = PBXFileReference; lastKnownFileType = text.plist.xml; path = Info.plist; sourceTree = "<group>"; };
		CE9BF049257FAF0800A64593 /* RecipleaseTests.xctest */ = {isa = PBXFileReference; explicitFileType = wrapper.cfbundle; includeInIndex = 0; path = RecipleaseTests.xctest; sourceTree = BUILT_PRODUCTS_DIR; };
		CE9BF04D257FAF0800A64593 /* RecipleaseTests.swift */ = {isa = PBXFileReference; lastKnownFileType = sourcecode.swift; path = RecipleaseTests.swift; sourceTree = "<group>"; };
		CE9BF04F257FAF0800A64593 /* Info.plist */ = {isa = PBXFileReference; lastKnownFileType = text.plist.xml; path = Info.plist; sourceTree = "<group>"; };
		CE9BF054257FAF0800A64593 /* RecipleaseUITests.xctest */ = {isa = PBXFileReference; explicitFileType = wrapper.cfbundle; includeInIndex = 0; path = RecipleaseUITests.xctest; sourceTree = BUILT_PRODUCTS_DIR; };
		CE9BF058257FAF0800A64593 /* RecipleaseUITests.swift */ = {isa = PBXFileReference; lastKnownFileType = sourcecode.swift; path = RecipleaseUITests.swift; sourceTree = "<group>"; };
		CE9BF05A257FAF0800A64593 /* Info.plist */ = {isa = PBXFileReference; lastKnownFileType = text.plist.xml; path = Info.plist; sourceTree = "<group>"; };
/* End PBXFileReference section */

/* Begin PBXFrameworksBuildPhase section */
		CE9BF02D257FAF0500A64593 /* Frameworks */ = {
			isa = PBXFrameworksBuildPhase;
			buildActionMask = 2147483647;
			files = (
			);
			runOnlyForDeploymentPostprocessing = 0;
		};
		CE9BF046257FAF0800A64593 /* Frameworks */ = {
			isa = PBXFrameworksBuildPhase;
			buildActionMask = 2147483647;
			files = (
			);
			runOnlyForDeploymentPostprocessing = 0;
		};
		CE9BF051257FAF0800A64593 /* Frameworks */ = {
			isa = PBXFrameworksBuildPhase;
			buildActionMask = 2147483647;
			files = (
			);
			runOnlyForDeploymentPostprocessing = 0;
		};
/* End PBXFrameworksBuildPhase section */

/* Begin PBXGroup section */
		CE9BF027257FAF0500A64593 = {
			isa = PBXGroup;
			children = (
				CE9BF032257FAF0500A64593 /* Reciplease */,
				CE9BF04C257FAF0800A64593 /* RecipleaseTests */,
				CE9BF057257FAF0800A64593 /* RecipleaseUITests */,
				CE9BF031257FAF0500A64593 /* Products */,
			);
			sourceTree = "<group>";
		};
		CE9BF031257FAF0500A64593 /* Products */ = {
			isa = PBXGroup;
			children = (
				CE9BF030257FAF0500A64593 /* Reciplease.app */,
				CE9BF049257FAF0800A64593 /* RecipleaseTests.xctest */,
				CE9BF054257FAF0800A64593 /* RecipleaseUITests.xctest */,
			);
			name = Products;
			sourceTree = "<group>";
		};
		CE9BF032257FAF0500A64593 /* Reciplease */ = {
			isa = PBXGroup;
			children = (
				CE9BF033257FAF0500A64593 /* AppDelegate.swift */,
				CE9BF035257FAF0500A64593 /* SceneDelegate.swift */,
				CE9BF037257FAF0500A64593 /* ViewController.swift */,
				CE9BF039257FAF0500A64593 /* Main.storyboard */,
				CE9BF03F257FAF0800A64593 /* Assets.xcassets */,
				CE9BF041257FAF0800A64593 /* LaunchScreen.storyboard */,
				CE9BF044257FAF0800A64593 /* Info.plist */,
				CE9BF03C257FAF0500A64593 /* Reciplease.xcdatamodeld */,
			);
			path = Reciplease;
			sourceTree = "<group>";
		};
		CE9BF04C257FAF0800A64593 /* RecipleaseTests */ = {
			isa = PBXGroup;
			children = (
				CE9BF04D257FAF0800A64593 /* RecipleaseTests.swift */,
				CE9BF04F257FAF0800A64593 /* Info.plist */,
			);
			path = RecipleaseTests;
			sourceTree = "<group>";
		};
		CE9BF057257FAF0800A64593 /* RecipleaseUITests */ = {
			isa = PBXGroup;
			children = (
				CE9BF058257FAF0800A64593 /* RecipleaseUITests.swift */,
				CE9BF05A257FAF0800A64593 /* Info.plist */,
			);
			path = RecipleaseUITests;
			sourceTree = "<group>";
		};
/* End PBXGroup section */

/* Begin PBXNativeTarget section */
		CE9BF02F257FAF0500A64593 /* Reciplease */ = {
			isa = PBXNativeTarget;
			buildConfigurationList = CE9BF05D257FAF0800A64593 /* Build configuration list for PBXNativeTarget "Reciplease" */;
			buildPhases = (
				CE9BF02C257FAF0500A64593 /* Sources */,
				CE9BF02D257FAF0500A64593 /* Frameworks */,
				CE9BF02E257FAF0500A64593 /* Resources */,
			);
			buildRules = (
			);
			dependencies = (
			);
			name = Reciplease;
			productName = Reciplease;
			productReference = CE9BF030257FAF0500A64593 /* Reciplease.app */;
			productType = "com.apple.product-type.application";
		};
		CE9BF048257FAF0800A64593 /* RecipleaseTests */ = {
			isa = PBXNativeTarget;
			buildConfigurationList = CE9BF060257FAF0800A64593 /* Build configuration list for PBXNativeTarget "RecipleaseTests" */;
			buildPhases = (
				CE9BF045257FAF0800A64593 /* Sources */,
				CE9BF046257FAF0800A64593 /* Frameworks */,
				CE9BF047257FAF0800A64593 /* Resources */,
			);
			buildRules = (
			);
			dependencies = (
				CE9BF04B257FAF0800A64593 /* PBXTargetDependency */,
			);
			name = RecipleaseTests;
			productName = RecipleaseTests;
			productReference = CE9BF049257FAF0800A64593 /* RecipleaseTests.xctest */;
			productType = "com.apple.product-type.bundle.unit-test";
		};
		CE9BF053257FAF0800A64593 /* RecipleaseUITests */ = {
			isa = PBXNativeTarget;
			buildConfigurationList = CE9BF063257FAF0800A64593 /* Build configuration list for PBXNativeTarget "RecipleaseUITests" */;
			buildPhases = (
				CE9BF050257FAF0800A64593 /* Sources */,
				CE9BF051257FAF0800A64593 /* Frameworks */,
				CE9BF052257FAF0800A64593 /* Resources */,
			);
			buildRules = (
			);
			dependencies = (
				CE9BF056257FAF0800A64593 /* PBXTargetDependency */,
			);
			name = RecipleaseUITests;
			productName = RecipleaseUITests;
			productReference = CE9BF054257FAF0800A64593 /* RecipleaseUITests.xctest */;
			productType = "com.apple.product-type.bundle.ui-testing";
		};
/* End PBXNativeTarget section */

/* Begin PBXProject section */
		CE9BF028257FAF0500A64593 /* Project object */ = {
			isa = PBXProject;
			attributes = {
				LastSwiftUpdateCheck = 1220;
				LastUpgradeCheck = 1220;
				TargetAttributes = {
					CE9BF02F257FAF0500A64593 = {
						CreatedOnToolsVersion = 12.2;
					};
					CE9BF048257FAF0800A64593 = {
						CreatedOnToolsVersion = 12.2;
						TestTargetID = CE9BF02F257FAF0500A64593;
					};
					CE9BF053257FAF0800A64593 = {
						CreatedOnToolsVersion = 12.2;
						TestTargetID = CE9BF02F257FAF0500A64593;
					};
				};
			};
			buildConfigurationList = CE9BF02B257FAF0500A64593 /* Build configuration list for PBXProject "Reciplease" */;
			compatibilityVersion = "Xcode 9.3";
			developmentRegion = en;
			hasScannedForEncodings = 0;
			knownRegions = (
				en,
				Base,
			);
			mainGroup = CE9BF027257FAF0500A64593;
			productRefGroup = CE9BF031257FAF0500A64593 /* Products */;
			projectDirPath = "";
			projectRoot = "";
			targets = (
				CE9BF02F257FAF0500A64593 /* Reciplease */,
				CE9BF048257FAF0800A64593 /* RecipleaseTests */,
				CE9BF053257FAF0800A64593 /* RecipleaseUITests */,
			);
		};
/* End PBXProject section */

/* Begin PBXResourcesBuildPhase section */
		CE9BF02E257FAF0500A64593 /* Resources */ = {
			isa = PBXResourcesBuildPhase;
			buildActionMask = 2147483647;
			files = (
				CE9BF043257FAF0800A64593 /* LaunchScreen.storyboard in Resources */,
				CE9BF040257FAF0800A64593 /* Assets.xcassets in Resources */,
				CE9BF03B257FAF0500A64593 /* Main.storyboard in Resources */,
			);
			runOnlyForDeploymentPostprocessing = 0;
		};
		CE9BF047257FAF0800A64593 /* Resources */ = {
			isa = PBXResourcesBuildPhase;
			buildActionMask = 2147483647;
			files = (
			);
			runOnlyForDeploymentPostprocessing = 0;
		};
		CE9BF052257FAF0800A64593 /* Resources */ = {
			isa = PBXResourcesBuildPhase;
			buildActionMask = 2147483647;
			files = (
			);
			runOnlyForDeploymentPostprocessing = 0;
		};
/* End PBXResourcesBuildPhase section */

/* Begin PBXSourcesBuildPhase section */
		CE9BF02C257FAF0500A64593 /* Sources */ = {
			isa = PBXSourcesBuildPhase;
			buildActionMask = 2147483647;
			files = (
				CE9BF03E257FAF0500A64593 /* Reciplease.xcdatamodeld in Sources */,
				CE9BF038257FAF0500A64593 /* ViewController.swift in Sources */,
				CE9BF034257FAF0500A64593 /* AppDelegate.swift in Sources */,
				CE9BF036257FAF0500A64593 /* SceneDelegate.swift in Sources */,
			);
			runOnlyForDeploymentPostprocessing = 0;
		};
		CE9BF045257FAF0800A64593 /* Sources */ = {
			isa = PBXSourcesBuildPhase;
			buildActionMask = 2147483647;
			files = (
				CE9BF04E257FAF0800A64593 /* RecipleaseTests.swift in Sources */,
			);
			runOnlyForDeploymentPostprocessing = 0;
		};
		CE9BF050257FAF0800A64593 /* Sources */ = {
			isa = PBXSourcesBuildPhase;
			buildActionMask = 2147483647;
			files = (
				CE9BF059257FAF0800A64593 /* RecipleaseUITests.swift in Sources */,
			);
			runOnlyForDeploymentPostprocessing = 0;
		};
/* End PBXSourcesBuildPhase section */

/* Begin PBXTargetDependency section */
		CE9BF04B257FAF0800A64593 /* PBXTargetDependency */ = {
			isa = PBXTargetDependency;
			target = CE9BF02F257FAF0500A64593 /* Reciplease */;
			targetProxy = CE9BF04A257FAF0800A64593 /* PBXContainerItemProxy */;
		};
		CE9BF056257FAF0800A64593 /* PBXTargetDependency */ = {
			isa = PBXTargetDependency;
			target = CE9BF02F257FAF0500A64593 /* Reciplease */;
			targetProxy = CE9BF055257FAF0800A64593 /* PBXContainerItemProxy */;
		};
/* End PBXTargetDependency section */

/* Begin PBXVariantGroup section */
		CE9BF039257FAF0500A64593 /* Main.storyboard */ = {
			isa = PBXVariantGroup;
			children = (
				CE9BF03A257FAF0500A64593 /* Base */,
			);
			name = Main.storyboard;
			sourceTree = "<group>";
		};
		CE9BF041257FAF0800A64593 /* LaunchScreen.storyboard */ = {
			isa = PBXVariantGroup;
			children = (
				CE9BF042257FAF0800A64593 /* Base */,
			);
			name = LaunchScreen.storyboard;
			sourceTree = "<group>";
		};
/* End PBXVariantGroup section */

/* Begin XCBuildConfiguration section */
		CE9BF05B257FAF0800A64593 /* Debug */ = {
			isa = XCBuildConfiguration;
			buildSettings = {
				ALWAYS_SEARCH_USER_PATHS = NO;
				CLANG_ANALYZER_NONNULL = YES;
				CLANG_ANALYZER_NUMBER_OBJECT_CONVERSION = YES_AGGRESSIVE;
				CLANG_CXX_LANGUAGE_STANDARD = "gnu++14";
				CLANG_CXX_LIBRARY = "libc++";
				CLANG_ENABLE_MODULES = YES;
				CLANG_ENABLE_OBJC_ARC = YES;
				CLANG_ENABLE_OBJC_WEAK = YES;
				CLANG_WARN_BLOCK_CAPTURE_AUTORELEASING = YES;
				CLANG_WARN_BOOL_CONVERSION = YES;
				CLANG_WARN_COMMA = YES;
				CLANG_WARN_CONSTANT_CONVERSION = YES;
				CLANG_WARN_DEPRECATED_OBJC_IMPLEMENTATIONS = YES;
				CLANG_WARN_DIRECT_OBJC_ISA_USAGE = YES_ERROR;
				CLANG_WARN_DOCUMENTATION_COMMENTS = YES;
				CLANG_WARN_EMPTY_BODY = YES;
				CLANG_WARN_ENUM_CONVERSION = YES;
				CLANG_WARN_INFINITE_RECURSION = YES;
				CLANG_WARN_INT_CONVERSION = YES;
				CLANG_WARN_NON_LITERAL_NULL_CONVERSION = YES;
				CLANG_WARN_OBJC_IMPLICIT_RETAIN_SELF = YES;
				CLANG_WARN_OBJC_LITERAL_CONVERSION = YES;
				CLANG_WARN_OBJC_ROOT_CLASS = YES_ERROR;
				CLANG_WARN_QUOTED_INCLUDE_IN_FRAMEWORK_HEADER = YES;
				CLANG_WARN_RANGE_LOOP_ANALYSIS = YES;
				CLANG_WARN_STRICT_PROTOTYPES = YES;
				CLANG_WARN_SUSPICIOUS_MOVE = YES;
				CLANG_WARN_UNGUARDED_AVAILABILITY = YES_AGGRESSIVE;
				CLANG_WARN_UNREACHABLE_CODE = YES;
				CLANG_WARN__DUPLICATE_METHOD_MATCH = YES;
				COPY_PHASE_STRIP = NO;
				DEBUG_INFORMATION_FORMAT = dwarf;
				ENABLE_STRICT_OBJC_MSGSEND = YES;
				ENABLE_TESTABILITY = YES;
				GCC_C_LANGUAGE_STANDARD = gnu11;
				GCC_DYNAMIC_NO_PIC = NO;
				GCC_NO_COMMON_BLOCKS = YES;
				GCC_OPTIMIZATION_LEVEL = 0;
				GCC_PREPROCESSOR_DEFINITIONS = (
					"DEBUG=1",
					"$(inherited)",
				);
				GCC_WARN_64_TO_32_BIT_CONVERSION = YES;
				GCC_WARN_ABOUT_RETURN_TYPE = YES_ERROR;
				GCC_WARN_UNDECLARED_SELECTOR = YES;
				GCC_WARN_UNINITIALIZED_AUTOS = YES_AGGRESSIVE;
				GCC_WARN_UNUSED_FUNCTION = YES;
				GCC_WARN_UNUSED_VARIABLE = YES;
				IPHONEOS_DEPLOYMENT_TARGET = 14.2;
				MTL_ENABLE_DEBUG_INFO = INCLUDE_SOURCE;
				MTL_FAST_MATH = YES;
				ONLY_ACTIVE_ARCH = YES;
				SDKROOT = iphoneos;
				SWIFT_ACTIVE_COMPILATION_CONDITIONS = DEBUG;
				SWIFT_OPTIMIZATION_LEVEL = "-Onone";
			};
			name = Debug;
		};
		CE9BF05C257FAF0800A64593 /* Release */ = {
			isa = XCBuildConfiguration;
			buildSettings = {
				ALWAYS_SEARCH_USER_PATHS = NO;
				CLANG_ANALYZER_NONNULL = YES;
				CLANG_ANALYZER_NUMBER_OBJECT_CONVERSION = YES_AGGRESSIVE;
				CLANG_CXX_LANGUAGE_STANDARD = "gnu++14";
				CLANG_CXX_LIBRARY = "libc++";
				CLANG_ENABLE_MODULES = YES;
				CLANG_ENABLE_OBJC_ARC = YES;
				CLANG_ENABLE_OBJC_WEAK = YES;
				CLANG_WARN_BLOCK_CAPTURE_AUTORELEASING = YES;
				CLANG_WARN_BOOL_CONVERSION = YES;
				CLANG_WARN_COMMA = YES;
				CLANG_WARN_CONSTANT_CONVERSION = YES;
				CLANG_WARN_DEPRECATED_OBJC_IMPLEMENTATIONS = YES;
				CLANG_WARN_DIRECT_OBJC_ISA_USAGE = YES_ERROR;
				CLANG_WARN_DOCUMENTATION_COMMENTS = YES;
				CLANG_WARN_EMPTY_BODY = YES;
				CLANG_WARN_ENUM_CONVERSION = YES;
				CLANG_WARN_INFINITE_RECURSION = YES;
				CLANG_WARN_INT_CONVERSION = YES;
				CLANG_WARN_NON_LITERAL_NULL_CONVERSION = YES;
				CLANG_WARN_OBJC_IMPLICIT_RETAIN_SELF = YES;
				CLANG_WARN_OBJC_LITERAL_CONVERSION = YES;
				CLANG_WARN_OBJC_ROOT_CLASS = YES_ERROR;
				CLANG_WARN_QUOTED_INCLUDE_IN_FRAMEWORK_HEADER = YES;
				CLANG_WARN_RANGE_LOOP_ANALYSIS = YES;
				CLANG_WARN_STRICT_PROTOTYPES = YES;
				CLANG_WARN_SUSPICIOUS_MOVE = YES;
				CLANG_WARN_UNGUARDED_AVAILABILITY = YES_AGGRESSIVE;
				CLANG_WARN_UNREACHABLE_CODE = YES;
				CLANG_WARN__DUPLICATE_METHOD_MATCH = YES;
				COPY_PHASE_STRIP = NO;
				DEBUG_INFORMATION_FORMAT = "dwarf-with-dsym";
				ENABLE_NS_ASSERTIONS = NO;
				ENABLE_STRICT_OBJC_MSGSEND = YES;
				GCC_C_LANGUAGE_STANDARD = gnu11;
				GCC_NO_COMMON_BLOCKS = YES;
				GCC_WARN_64_TO_32_BIT_CONVERSION = YES;
				GCC_WARN_ABOUT_RETURN_TYPE = YES_ERROR;
				GCC_WARN_UNDECLARED_SELECTOR = YES;
				GCC_WARN_UNINITIALIZED_AUTOS = YES_AGGRESSIVE;
				GCC_WARN_UNUSED_FUNCTION = YES;
				GCC_WARN_UNUSED_VARIABLE = YES;
				IPHONEOS_DEPLOYMENT_TARGET = 14.2;
				MTL_ENABLE_DEBUG_INFO = NO;
				MTL_FAST_MATH = YES;
				SDKROOT = iphoneos;
				SWIFT_COMPILATION_MODE = wholemodule;
				SWIFT_OPTIMIZATION_LEVEL = "-O";
				VALIDATE_PRODUCT = YES;
			};
			name = Release;
		};
		CE9BF05E257FAF0800A64593 /* Debug */ = {
			isa = XCBuildConfiguration;
			buildSettings = {
				ASSETCATALOG_COMPILER_APPICON_NAME = AppIcon;
				ASSETCATALOG_COMPILER_GLOBAL_ACCENT_COLOR_NAME = AccentColor;
				CODE_SIGN_STYLE = Automatic;
				DEVELOPMENT_TEAM = 3NYLP3F6GN;
				INFOPLIST_FILE = Reciplease/Info.plist;
				LD_RUNPATH_SEARCH_PATHS = (
					"$(inherited)",
					"@executable_path/Frameworks",
				);
				PRODUCT_BUNDLE_IDENTIFIER = com.adammab.Reciplease;
				PRODUCT_NAME = "$(TARGET_NAME)";
				SWIFT_VERSION = 5.0;
				TARGETED_DEVICE_FAMILY = "1,2";
			};
			name = Debug;
		};
		CE9BF05F257FAF0800A64593 /* Release */ = {
			isa = XCBuildConfiguration;
			buildSettings = {
				ASSETCATALOG_COMPILER_APPICON_NAME = AppIcon;
				ASSETCATALOG_COMPILER_GLOBAL_ACCENT_COLOR_NAME = AccentColor;
				CODE_SIGN_STYLE = Automatic;
				DEVELOPMENT_TEAM = 3NYLP3F6GN;
				INFOPLIST_FILE = Reciplease/Info.plist;
				LD_RUNPATH_SEARCH_PATHS = (
					"$(inherited)",
					"@executable_path/Frameworks",
				);
				PRODUCT_BUNDLE_IDENTIFIER = com.adammab.Reciplease;
				PRODUCT_NAME = "$(TARGET_NAME)";
				SWIFT_VERSION = 5.0;
				TARGETED_DEVICE_FAMILY = "1,2";
			};
			name = Release;
		};
		CE9BF061257FAF0800A64593 /* Debug */ = {
			isa = XCBuildConfiguration;
			buildSettings = {
				ALWAYS_EMBED_SWIFT_STANDARD_LIBRARIES = YES;
				BUNDLE_LOADER = "$(TEST_HOST)";
				CODE_SIGN_STYLE = Automatic;
				DEVELOPMENT_TEAM = 3NYLP3F6GN;
				INFOPLIST_FILE = RecipleaseTests/Info.plist;
				IPHONEOS_DEPLOYMENT_TARGET = 14.2;
				LD_RUNPATH_SEARCH_PATHS = (
					"$(inherited)",
					"@executable_path/Frameworks",
					"@loader_path/Frameworks",
				);
				PRODUCT_BUNDLE_IDENTIFIER = com.adammab.RecipleaseTests;
				PRODUCT_NAME = "$(TARGET_NAME)";
				SWIFT_VERSION = 5.0;
				TARGETED_DEVICE_FAMILY = "1,2";
				TEST_HOST = "$(BUILT_PRODUCTS_DIR)/Reciplease.app/Reciplease";
			};
			name = Debug;
		};
		CE9BF062257FAF0800A64593 /* Release */ = {
			isa = XCBuildConfiguration;
			buildSettings = {
				ALWAYS_EMBED_SWIFT_STANDARD_LIBRARIES = YES;
				BUNDLE_LOADER = "$(TEST_HOST)";
				CODE_SIGN_STYLE = Automatic;
				DEVELOPMENT_TEAM = 3NYLP3F6GN;
				INFOPLIST_FILE = RecipleaseTests/Info.plist;
				IPHONEOS_DEPLOYMENT_TARGET = 14.2;
				LD_RUNPATH_SEARCH_PATHS = (
					"$(inherited)",
					"@executable_path/Frameworks",
					"@loader_path/Frameworks",
				);
				PRODUCT_BUNDLE_IDENTIFIER = com.adammab.RecipleaseTests;
				PRODUCT_NAME = "$(TARGET_NAME)";
				SWIFT_VERSION = 5.0;
				TARGETED_DEVICE_FAMILY = "1,2";
				TEST_HOST = "$(BUILT_PRODUCTS_DIR)/Reciplease.app/Reciplease";
			};
			name = Release;
		};
		CE9BF064257FAF0800A64593 /* Debug */ = {
			isa = XCBuildConfiguration;
			buildSettings = {
				ALWAYS_EMBED_SWIFT_STANDARD_LIBRARIES = YES;
				CODE_SIGN_STYLE = Automatic;
				DEVELOPMENT_TEAM = 3NYLP3F6GN;
				INFOPLIST_FILE = RecipleaseUITests/Info.plist;
				LD_RUNPATH_SEARCH_PATHS = (
					"$(inherited)",
					"@executable_path/Frameworks",
					"@loader_path/Frameworks",
				);
				PRODUCT_BUNDLE_IDENTIFIER = com.adammab.RecipleaseUITests;
				PRODUCT_NAME = "$(TARGET_NAME)";
				SWIFT_VERSION = 5.0;
				TARGETED_DEVICE_FAMILY = "1,2";
				TEST_TARGET_NAME = Reciplease;
			};
			name = Debug;
		};
		CE9BF065257FAF0800A64593 /* Release */ = {
			isa = XCBuildConfiguration;
			buildSettings = {
				ALWAYS_EMBED_SWIFT_STANDARD_LIBRARIES = YES;
				CODE_SIGN_STYLE = Automatic;
				DEVELOPMENT_TEAM = 3NYLP3F6GN;
				INFOPLIST_FILE = RecipleaseUITests/Info.plist;
				LD_RUNPATH_SEARCH_PATHS = (
					"$(inherited)",
					"@executable_path/Frameworks",
					"@loader_path/Frameworks",
				);
				PRODUCT_BUNDLE_IDENTIFIER = com.adammab.RecipleaseUITests;
				PRODUCT_NAME = "$(TARGET_NAME)";
				SWIFT_VERSION = 5.0;
				TARGETED_DEVICE_FAMILY = "1,2";
				TEST_TARGET_NAME = Reciplease;
			};
			name = Release;
		};
/* End XCBuildConfiguration section */

/* Begin XCConfigurationList section */
		CE9BF02B257FAF0500A64593 /* Build configuration list for PBXProject "Reciplease" */ = {
			isa = XCConfigurationList;
			buildConfigurations = (
				CE9BF05B257FAF0800A64593 /* Debug */,
				CE9BF05C257FAF0800A64593 /* Release */,
			);
			defaultConfigurationIsVisible = 0;
			defaultConfigurationName = Release;
		};
		CE9BF05D257FAF0800A64593 /* Build configuration list for PBXNativeTarget "Reciplease" */ = {
			isa = XCConfigurationList;
			buildConfigurations = (
				CE9BF05E257FAF0800A64593 /* Debug */,
				CE9BF05F257FAF0800A64593 /* Release */,
			);
			defaultConfigurationIsVisible = 0;
			defaultConfigurationName = Release;
		};
		CE9BF060257FAF0800A64593 /* Build configuration list for PBXNativeTarget "RecipleaseTests" */ = {
			isa = XCConfigurationList;
			buildConfigurations = (
				CE9BF061257FAF0800A64593 /* Debug */,
				CE9BF062257FAF0800A64593 /* Release */,
			);
			defaultConfigurationIsVisible = 0;
			defaultConfigurationName = Release;
		};
		CE9BF063257FAF0800A64593 /* Build configuration list for PBXNativeTarget "RecipleaseUITests" */ = {
			isa = XCConfigurationList;
			buildConfigurations = (
				CE9BF064257FAF0800A64593 /* Debug */,
				CE9BF065257FAF0800A64593 /* Release */,
			);
			defaultConfigurationIsVisible = 0;
			defaultConfigurationName = Release;
		};
/* End XCConfigurationList section */

/* Begin XCVersionGroup section */
		CE9BF03C257FAF0500A64593 /* Reciplease.xcdatamodeld */ = {
			isa = XCVersionGroup;
			children = (
				CE9BF03D257FAF0500A64593 /* Reciplease.xcdatamodel */,
			);
			currentVersion = CE9BF03D257FAF0500A64593 /* Reciplease.xcdatamodel */;
			path = Reciplease.xcdatamodeld;
			sourceTree = "<group>";
			versionGroupType = wrapper.xcdatamodel;
		};
/* End XCVersionGroup section */
	};
	rootObject = CE9BF028257FAF0500A64593 /* Project object */;
}
