// !$*UTF8*$!
{
	archiveVersion = 1;
	classes = {
	};
	objectVersion = 51;
	objects = {

/* Begin PBXBuildFile section */
		2C8D50C432525C9CA1FF6EA4 /* Pods_RecipleaseTests.framework in Frameworks */ = {isa = PBXBuildFile; fileRef = 5A3184CB04774DAED76A13BA /* Pods_RecipleaseTests.framework */; };
		CE08966C258761C30071FCF3 /* Logger.swift in Sources */ = {isa = PBXBuildFile; fileRef = CE08966B258761C30071FCF3 /* Logger.swift */; };
		CE8AB7FA25B1B11600FC7302 /* MockCoreDataStack.swift in Sources */ = {isa = PBXBuildFile; fileRef = CE8AB7F925B1B11600FC7302 /* MockCoreDataStack.swift */; };
		CE8AB7FF25B1B16100FC7302 /* CoreDataManagerTest.swift in Sources */ = {isa = PBXBuildFile; fileRef = CE8AB7FE25B1B16100FC7302 /* CoreDataManagerTest.swift */; };
		CE8AB81125B9C71400FC7302 /* FakeResponseData.swift in Sources */ = {isa = PBXBuildFile; fileRef = CE8AB81025B9C71400FC7302 /* FakeResponseData.swift */; };
		CE8AB81725B9C7B100FC7302 /* FakeSession.swift in Sources */ = {isa = PBXBuildFile; fileRef = CE8AB81625B9C7B100FC7302 /* FakeSession.swift */; };
		CE8AB81B25B9D2B500FC7302 /* recipe.json in Resources */ = {isa = PBXBuildFile; fileRef = CE8AB81A25B9D2B500FC7302 /* recipe.json */; };
		CE8F18D725A874E700304435 /* UIViewControler+Alert.swift in Sources */ = {isa = PBXBuildFile; fileRef = CE8F18D625A874E700304435 /* UIViewControler+Alert.swift */; };
		CE8F18E625A896B400304435 /* ExtansionString.swift in Sources */ = {isa = PBXBuildFile; fileRef = CE8F18E525A896B400304435 /* ExtansionString.swift */; };
		CE8F18EB25A898E300304435 /* APIconfig.swift in Sources */ = {isa = PBXBuildFile; fileRef = CE8F18EA25A898E300304435 /* APIconfig.swift */; };
		CE91F5F72593812F0055C140 /* RecipeTableViewCell.swift in Sources */ = {isa = PBXBuildFile; fileRef = CE91F5F52593812F0055C140 /* RecipeTableViewCell.swift */; };
		CE9BF034257FAF0500A64593 /* AppDelegate.swift in Sources */ = {isa = PBXBuildFile; fileRef = CE9BF033257FAF0500A64593 /* AppDelegate.swift */; };
		CE9BF036257FAF0500A64593 /* SceneDelegate.swift in Sources */ = {isa = PBXBuildFile; fileRef = CE9BF035257FAF0500A64593 /* SceneDelegate.swift */; };
		CE9BF038257FAF0500A64593 /* SearchViewController.swift in Sources */ = {isa = PBXBuildFile; fileRef = CE9BF037257FAF0500A64593 /* SearchViewController.swift */; };
		CE9BF03B257FAF0500A64593 /* Main.storyboard in Resources */ = {isa = PBXBuildFile; fileRef = CE9BF039257FAF0500A64593 /* Main.storyboard */; };
		CE9BF03E257FAF0500A64593 /* Reciplease.xcdatamodeld in Sources */ = {isa = PBXBuildFile; fileRef = CE9BF03C257FAF0500A64593 /* Reciplease.xcdatamodeld */; };
		CE9BF040257FAF0800A64593 /* Assets.xcassets in Resources */ = {isa = PBXBuildFile; fileRef = CE9BF03F257FAF0800A64593 /* Assets.xcassets */; };
		CE9BF043257FAF0800A64593 /* LaunchScreen.storyboard in Resources */ = {isa = PBXBuildFile; fileRef = CE9BF041257FAF0800A64593 /* LaunchScreen.storyboard */; };
		CE9BF04E257FAF0800A64593 /* RecipleaseTests.swift in Sources */ = {isa = PBXBuildFile; fileRef = CE9BF04D257FAF0800A64593 /* RecipleaseTests.swift */; };
		CE9BF06A257FB34000A64593 /* Recipes.swift in Sources */ = {isa = PBXBuildFile; fileRef = CE9BF069257FB34000A64593 /* Recipes.swift */; };
		CE9BF070257FB3C500A64593 /* RequestService.swift in Sources */ = {isa = PBXBuildFile; fileRef = CE9BF06F257FB3C500A64593 /* RequestService.swift */; };
		CE9BF07E257FB3F400A64593 /* ReceipeSession.swift in Sources */ = {isa = PBXBuildFile; fileRef = CE9BF07D257FB3F400A64593 /* ReceipeSession.swift */; };
		CEB043A925A686A40079BD15 /* RecipeDisplay.swift in Sources */ = {isa = PBXBuildFile; fileRef = CEB043A825A686A40079BD15 /* RecipeDisplay.swift */; };
		CEBCDBEE2580066900BB4E44 /* NetworkError.swift in Sources */ = {isa = PBXBuildFile; fileRef = CEBCDBED2580066900BB4E44 /* NetworkError.swift */; };
		CECEEAA125A22D62009A4608 /* RecipeTableViewCell.xib in Resources */ = {isa = PBXBuildFile; fileRef = CECEEAA025A22D62009A4608 /* RecipeTableViewCell.xib */; };
		CEE1B22E25823EF400A161AB /* RecipeViewController.swift in Sources */ = {isa = PBXBuildFile; fileRef = CEE1B22D25823EF400A161AB /* RecipeViewController.swift */; };
		CEE1B23325825B9000A161AB /* FavoriteViewController.swift in Sources */ = {isa = PBXBuildFile; fileRef = CEE1B23225825B9000A161AB /* FavoriteViewController.swift */; };
		CEF139F62588171700991948 /* CoreDataStack.swift in Sources */ = {isa = PBXBuildFile; fileRef = CEF139F52588171700991948 /* CoreDataStack.swift */; };
		CEF139FC2588175B00991948 /* CoreDataManager.swift in Sources */ = {isa = PBXBuildFile; fileRef = CEF139FB2588175B00991948 /* CoreDataManager.swift */; };
		CEF82156259D32C600C28A31 /* DetailViewController.swift in Sources */ = {isa = PBXBuildFile; fileRef = CEF82155259D32C600C28A31 /* DetailViewController.swift */; };
		E97B98863ACB487D68637285 /* Pods_Reciplease.framework in Frameworks */ = {isa = PBXBuildFile; fileRef = 500BBC404C5B91B76C47BAD2 /* Pods_Reciplease.framework */; };
/* End PBXBuildFile section */

/* Begin PBXContainerItemProxy section */
		CE9BF04A257FAF0800A64593 /* PBXContainerItemProxy */ = {
			isa = PBXContainerItemProxy;
			containerPortal = CE9BF028257FAF0500A64593 /* Project object */;
			proxyType = 1;
			remoteGlobalIDString = CE9BF02F257FAF0500A64593;
			remoteInfo = Reciplease;
		};
/* End PBXContainerItemProxy section */

/* Begin PBXFileReference section */
		0C0BED9FA27667544B4FA321 /* Pods-Reciplease.debug.xcconfig */ = {isa = PBXFileReference; includeInIndex = 1; lastKnownFileType = text.xcconfig; name = "Pods-Reciplease.debug.xcconfig"; path = "Target Support Files/Pods-Reciplease/Pods-Reciplease.debug.xcconfig"; sourceTree = "<group>"; };
		16B52A3B200B54B0F7E68639 /* Pods-RecipleaseTests.release.xcconfig */ = {isa = PBXFileReference; includeInIndex = 1; lastKnownFileType = text.xcconfig; name = "Pods-RecipleaseTests.release.xcconfig"; path = "Target Support Files/Pods-RecipleaseTests/Pods-RecipleaseTests.release.xcconfig"; sourceTree = "<group>"; };
		500BBC404C5B91B76C47BAD2 /* Pods_Reciplease.framework */ = {isa = PBXFileReference; explicitFileType = wrapper.framework; includeInIndex = 0; path = Pods_Reciplease.framework; sourceTree = BUILT_PRODUCTS_DIR; };
		5A3184CB04774DAED76A13BA /* Pods_RecipleaseTests.framework */ = {isa = PBXFileReference; explicitFileType = wrapper.framework; includeInIndex = 0; path = Pods_RecipleaseTests.framework; sourceTree = BUILT_PRODUCTS_DIR; };
		7A419DBB154B235466971B92 /* Pods-Reciplease-RecipleaseUITests.release.xcconfig */ = {isa = PBXFileReference; includeInIndex = 1; lastKnownFileType = text.xcconfig; name = "Pods-Reciplease-RecipleaseUITests.release.xcconfig"; path = "Target Support Files/Pods-Reciplease-RecipleaseUITests/Pods-Reciplease-RecipleaseUITests.release.xcconfig"; sourceTree = "<group>"; };
		A5F2C98CC9A18E3FF8AA039B /* Pods_Reciplease_RecipleaseUITests.framework */ = {isa = PBXFileReference; explicitFileType = wrapper.framework; includeInIndex = 0; path = Pods_Reciplease_RecipleaseUITests.framework; sourceTree = BUILT_PRODUCTS_DIR; };
		CB05C92BDED4A63A9AE86CD1 /* Pods-Reciplease.release.xcconfig */ = {isa = PBXFileReference; includeInIndex = 1; lastKnownFileType = text.xcconfig; name = "Pods-Reciplease.release.xcconfig"; path = "Target Support Files/Pods-Reciplease/Pods-Reciplease.release.xcconfig"; sourceTree = "<group>"; };
		CE08966B258761C30071FCF3 /* Logger.swift */ = {isa = PBXFileReference; lastKnownFileType = sourcecode.swift; path = Logger.swift; sourceTree = "<group>"; };
		CE8AB7F925B1B11600FC7302 /* MockCoreDataStack.swift */ = {isa = PBXFileReference; lastKnownFileType = sourcecode.swift; path = MockCoreDataStack.swift; sourceTree = "<group>"; };
		CE8AB7FE25B1B16100FC7302 /* CoreDataManagerTest.swift */ = {isa = PBXFileReference; lastKnownFileType = sourcecode.swift; path = CoreDataManagerTest.swift; sourceTree = "<group>"; };
		CE8AB81025B9C71400FC7302 /* FakeResponseData.swift */ = {isa = PBXFileReference; lastKnownFileType = sourcecode.swift; path = FakeResponseData.swift; sourceTree = "<group>"; };
		CE8AB81625B9C7B100FC7302 /* FakeSession.swift */ = {isa = PBXFileReference; lastKnownFileType = sourcecode.swift; path = FakeSession.swift; sourceTree = "<group>"; };
		CE8AB81A25B9D2B500FC7302 /* recipe.json */ = {isa = PBXFileReference; lastKnownFileType = text.json; path = recipe.json; sourceTree = "<group>"; };
		CE8F18D625A874E700304435 /* UIViewControler+Alert.swift */ = {isa = PBXFileReference; lastKnownFileType = sourcecode.swift; path = "UIViewControler+Alert.swift"; sourceTree = "<group>"; };
		CE8F18E525A896B400304435 /* ExtansionString.swift */ = {isa = PBXFileReference; lastKnownFileType = sourcecode.swift; path = ExtansionString.swift; sourceTree = "<group>"; };
		CE8F18EA25A898E300304435 /* APIconfig.swift */ = {isa = PBXFileReference; lastKnownFileType = sourcecode.swift; path = APIconfig.swift; sourceTree = "<group>"; };
		CE91F5F52593812F0055C140 /* RecipeTableViewCell.swift */ = {isa = PBXFileReference; lastKnownFileType = sourcecode.swift; path = RecipeTableViewCell.swift; sourceTree = "<group>"; };
		CE9BF030257FAF0500A64593 /* Reciplease.app */ = {isa = PBXFileReference; explicitFileType = wrapper.application; includeInIndex = 0; path = Reciplease.app; sourceTree = BUILT_PRODUCTS_DIR; };
		CE9BF033257FAF0500A64593 /* AppDelegate.swift */ = {isa = PBXFileReference; lastKnownFileType = sourcecode.swift; path = AppDelegate.swift; sourceTree = "<group>"; };
		CE9BF035257FAF0500A64593 /* SceneDelegate.swift */ = {isa = PBXFileReference; lastKnownFileType = sourcecode.swift; path = SceneDelegate.swift; sourceTree = "<group>"; };
		CE9BF037257FAF0500A64593 /* SearchViewController.swift */ = {isa = PBXFileReference; lastKnownFileType = sourcecode.swift; path = SearchViewController.swift; sourceTree = "<group>"; };
		CE9BF03A257FAF0500A64593 /* Base */ = {isa = PBXFileReference; lastKnownFileType = file.storyboard; name = Base; path = Base.lproj/Main.storyboard; sourceTree = "<group>"; };
		CE9BF03D257FAF0500A64593 /* Reciplease.xcdatamodel */ = {isa = PBXFileReference; lastKnownFileType = wrapper.xcdatamodel; path = Reciplease.xcdatamodel; sourceTree = "<group>"; };
		CE9BF03F257FAF0800A64593 /* Assets.xcassets */ = {isa = PBXFileReference; lastKnownFileType = folder.assetcatalog; path = Assets.xcassets; sourceTree = "<group>"; };
		CE9BF042257FAF0800A64593 /* Base */ = {isa = PBXFileReference; lastKnownFileType = file.storyboard; name = Base; path = Base.lproj/LaunchScreen.storyboard; sourceTree = "<group>"; };
		CE9BF044257FAF0800A64593 /* Info.plist */ = {isa = PBXFileReference; lastKnownFileType = text.plist.xml; path = Info.plist; sourceTree = "<group>"; };
		CE9BF049257FAF0800A64593 /* RecipleaseTests.xctest */ = {isa = PBXFileReference; explicitFileType = wrapper.cfbundle; includeInIndex = 0; path = RecipleaseTests.xctest; sourceTree = BUILT_PRODUCTS_DIR; };
		CE9BF04D257FAF0800A64593 /* RecipleaseTests.swift */ = {isa = PBXFileReference; lastKnownFileType = sourcecode.swift; path = RecipleaseTests.swift; sourceTree = "<group>"; };
		CE9BF04F257FAF0800A64593 /* Info.plist */ = {isa = PBXFileReference; lastKnownFileType = text.plist.xml; path = Info.plist; sourceTree = "<group>"; };
		CE9BF069257FB34000A64593 /* Recipes.swift */ = {isa = PBXFileReference; lastKnownFileType = sourcecode.swift; path = Recipes.swift; sourceTree = "<group>"; };
		CE9BF06F257FB3C500A64593 /* RequestService.swift */ = {isa = PBXFileReference; lastKnownFileType = sourcecode.swift; path = RequestService.swift; sourceTree = "<group>"; };
		CE9BF07D257FB3F400A64593 /* ReceipeSession.swift */ = {isa = PBXFileReference; lastKnownFileType = sourcecode.swift; path = ReceipeSession.swift; sourceTree = "<group>"; };
		CEB043A825A686A40079BD15 /* RecipeDisplay.swift */ = {isa = PBXFileReference; lastKnownFileType = sourcecode.swift; path = RecipeDisplay.swift; sourceTree = "<group>"; };
		CEBCDBED2580066900BB4E44 /* NetworkError.swift */ = {isa = PBXFileReference; lastKnownFileType = sourcecode.swift; path = NetworkError.swift; sourceTree = "<group>"; };
		CECEEAA025A22D62009A4608 /* RecipeTableViewCell.xib */ = {isa = PBXFileReference; lastKnownFileType = file.xib; path = RecipeTableViewCell.xib; sourceTree = "<group>"; };
		CEE1B22D25823EF400A161AB /* RecipeViewController.swift */ = {isa = PBXFileReference; lastKnownFileType = sourcecode.swift; path = RecipeViewController.swift; sourceTree = "<group>"; };
		CEE1B23225825B9000A161AB /* FavoriteViewController.swift */ = {isa = PBXFileReference; lastKnownFileType = sourcecode.swift; path = FavoriteViewController.swift; sourceTree = "<group>"; };
		CEF139F52588171700991948 /* CoreDataStack.swift */ = {isa = PBXFileReference; lastKnownFileType = sourcecode.swift; path = CoreDataStack.swift; sourceTree = "<group>"; };
		CEF139FB2588175B00991948 /* CoreDataManager.swift */ = {isa = PBXFileReference; lastKnownFileType = sourcecode.swift; path = CoreDataManager.swift; sourceTree = "<group>"; };
		CEF82155259D32C600C28A31 /* DetailViewController.swift */ = {isa = PBXFileReference; lastKnownFileType = sourcecode.swift; path = DetailViewController.swift; sourceTree = "<group>"; };
		F996EBAF8ADA43FCE5C3A798 /* Pods-Reciplease-RecipleaseUITests.debug.xcconfig */ = {isa = PBXFileReference; includeInIndex = 1; lastKnownFileType = text.xcconfig; name = "Pods-Reciplease-RecipleaseUITests.debug.xcconfig"; path = "Target Support Files/Pods-Reciplease-RecipleaseUITests/Pods-Reciplease-RecipleaseUITests.debug.xcconfig"; sourceTree = "<group>"; };
		FDE119C0BA76FD240CB659CB /* Pods-RecipleaseTests.debug.xcconfig */ = {isa = PBXFileReference; includeInIndex = 1; lastKnownFileType = text.xcconfig; name = "Pods-RecipleaseTests.debug.xcconfig"; path = "Target Support Files/Pods-RecipleaseTests/Pods-RecipleaseTests.debug.xcconfig"; sourceTree = "<group>"; };
/* End PBXFileReference section */

/* Begin PBXFrameworksBuildPhase section */
		CE9BF02D257FAF0500A64593 /* Frameworks */ = {
			isa = PBXFrameworksBuildPhase;
			buildActionMask = 2147483647;
			files = (
				E97B98863ACB487D68637285 /* Pods_Reciplease.framework in Frameworks */,
			);
			runOnlyForDeploymentPostprocessing = 0;
		};
		CE9BF046257FAF0800A64593 /* Frameworks */ = {
			isa = PBXFrameworksBuildPhase;
			buildActionMask = 2147483647;
			files = (
				2C8D50C432525C9CA1FF6EA4 /* Pods_RecipleaseTests.framework in Frameworks */,
			);
			runOnlyForDeploymentPostprocessing = 0;
		};
/* End PBXFrameworksBuildPhase section */

/* Begin PBXGroup section */
		48CA694C5C9E9E32814294CA /* Frameworks */ = {
			isa = PBXGroup;
			children = (
				500BBC404C5B91B76C47BAD2 /* Pods_Reciplease.framework */,
				A5F2C98CC9A18E3FF8AA039B /* Pods_Reciplease_RecipleaseUITests.framework */,
				5A3184CB04774DAED76A13BA /* Pods_RecipleaseTests.framework */,
			);
			name = Frameworks;
			sourceTree = "<group>";
		};
		CE8F18DE25A8752800304435 /* Extansion */ = {
			isa = PBXGroup;
			children = (
				CE8F18D625A874E700304435 /* UIViewControler+Alert.swift */,
				CE8F18E525A896B400304435 /* ExtansionString.swift */,
			);
			path = Extansion;
			sourceTree = "<group>";
		};
		CE9BF027257FAF0500A64593 = {
			isa = PBXGroup;
			children = (
				CE9BF032257FAF0500A64593 /* Reciplease */,
				CE9BF04C257FAF0800A64593 /* RecipleaseTests */,
				CE9BF031257FAF0500A64593 /* Products */,
				E2F69B03F74C8003A09C19A6 /* Pods */,
				48CA694C5C9E9E32814294CA /* Frameworks */,
			);
			sourceTree = "<group>";
		};
		CE9BF031257FAF0500A64593 /* Products */ = {
			isa = PBXGroup;
			children = (
				CE9BF030257FAF0500A64593 /* Reciplease.app */,
				CE9BF049257FAF0800A64593 /* RecipleaseTests.xctest */,
			);
			name = Products;
			sourceTree = "<group>";
		};
		CE9BF032257FAF0500A64593 /* Reciplease */ = {
			isa = PBXGroup;
			children = (
				CE9BF033257FAF0500A64593 /* AppDelegate.swift */,
				CE9BF035257FAF0500A64593 /* SceneDelegate.swift */,
				CE8F18DE25A8752800304435 /* Extansion */,
				CE9BF06E257FB37600A64593 /* model */,
				CE9BF085257FB40200A64593 /* Controller */,
				CE9BF086257FB41000A64593 /* View */,
				CE9BF03F257FAF0800A64593 /* Assets.xcassets */,
				CE9BF041257FAF0800A64593 /* LaunchScreen.storyboard */,
				CE9BF044257FAF0800A64593 /* Info.plist */,
			);
			path = Reciplease;
			sourceTree = "<group>";
		};
		CE9BF04C257FAF0800A64593 /* RecipleaseTests */ = {
			isa = PBXGroup;
			children = (
				CE8AB81025B9C71400FC7302 /* FakeResponseData.swift */,
				CE8AB81A25B9D2B500FC7302 /* recipe.json */,
				CE8AB81625B9C7B100FC7302 /* FakeSession.swift */,
				CE9BF04D257FAF0800A64593 /* RecipleaseTests.swift */,
				CE8AB7F925B1B11600FC7302 /* MockCoreDataStack.swift */,
				CE8AB7FE25B1B16100FC7302 /* CoreDataManagerTest.swift */,
				CE9BF04F257FAF0800A64593 /* Info.plist */,
			);
			path = RecipleaseTests;
			sourceTree = "<group>";
		};
		CE9BF06E257FB37600A64593 /* model */ = {
			isa = PBXGroup;
			children = (
				CEF139FA2588173200991948 /* CoreData */,
				CE9BF069257FB34000A64593 /* Recipes.swift */,
				CEB043A825A686A40079BD15 /* RecipeDisplay.swift */,
				CE08966B258761C30071FCF3 /* Logger.swift */,
				CE9BF07D257FB3F400A64593 /* ReceipeSession.swift */,
				CE9BF06F257FB3C500A64593 /* RequestService.swift */,
				CE8F18EA25A898E300304435 /* APIconfig.swift */,
				CEBCDBED2580066900BB4E44 /* NetworkError.swift */,
			);
			path = model;
			sourceTree = "<group>";
		};
		CE9BF085257FB40200A64593 /* Controller */ = {
			isa = PBXGroup;
			children = (
				CE9BF037257FAF0500A64593 /* SearchViewController.swift */,
				CEE1B22D25823EF400A161AB /* RecipeViewController.swift */,
				CEE1B23225825B9000A161AB /* FavoriteViewController.swift */,
				CEF82155259D32C600C28A31 /* DetailViewController.swift */,
			);
			path = Controller;
			sourceTree = "<group>";
		};
		CE9BF086257FB41000A64593 /* View */ = {
			isa = PBXGroup;
			children = (
				CE9BF039257FAF0500A64593 /* Main.storyboard */,
				CECEEAA025A22D62009A4608 /* RecipeTableViewCell.xib */,
				CE91F5F52593812F0055C140 /* RecipeTableViewCell.swift */,
			);
			path = View;
			sourceTree = "<group>";
		};
		CEF139FA2588173200991948 /* CoreData */ = {
			isa = PBXGroup;
			children = (
				CE9BF03C257FAF0500A64593 /* Reciplease.xcdatamodeld */,
				CEF139F52588171700991948 /* CoreDataStack.swift */,
				CEF139FB2588175B00991948 /* CoreDataManager.swift */,
			);
			path = CoreData;
			sourceTree = "<group>";
		};
		E2F69B03F74C8003A09C19A6 /* Pods */ = {
			isa = PBXGroup;
			children = (
				0C0BED9FA27667544B4FA321 /* Pods-Reciplease.debug.xcconfig */,
				CB05C92BDED4A63A9AE86CD1 /* Pods-Reciplease.release.xcconfig */,
				F996EBAF8ADA43FCE5C3A798 /* Pods-Reciplease-RecipleaseUITests.debug.xcconfig */,
				7A419DBB154B235466971B92 /* Pods-Reciplease-RecipleaseUITests.release.xcconfig */,
				FDE119C0BA76FD240CB659CB /* Pods-RecipleaseTests.debug.xcconfig */,
				16B52A3B200B54B0F7E68639 /* Pods-RecipleaseTests.release.xcconfig */,
			);
			path = Pods;
			sourceTree = "<group>";
		};
/* End PBXGroup section */

/* Begin PBXNativeTarget section */
		CE9BF02F257FAF0500A64593 /* Reciplease */ = {
			isa = PBXNativeTarget;
			buildConfigurationList = CE9BF05D257FAF0800A64593 /* Build configuration list for PBXNativeTarget "Reciplease" */;
			buildPhases = (
				42D337814EFEDE56DE0BC227 /* [CP] Check Pods Manifest.lock */,
				CE9BF02C257FAF0500A64593 /* Sources */,
				CE9BF02D257FAF0500A64593 /* Frameworks */,
				CE9BF02E257FAF0500A64593 /* Resources */,
				CD25D2B514E580DD2D402FA5 /* [CP] Embed Pods Frameworks */,
			);
			buildRules = (
			);
			dependencies = (
			);
			name = Reciplease;
			productName = Reciplease;
			productReference = CE9BF030257FAF0500A64593 /* Reciplease.app */;
			productType = "com.apple.product-type.application";
		};
		CE9BF048257FAF0800A64593 /* RecipleaseTests */ = {
			isa = PBXNativeTarget;
			buildConfigurationList = CE9BF060257FAF0800A64593 /* Build configuration list for PBXNativeTarget "RecipleaseTests" */;
			buildPhases = (
				CE1F57B5B865BCF98D466330 /* [CP] Check Pods Manifest.lock */,
				CE9BF045257FAF0800A64593 /* Sources */,
				CE9BF046257FAF0800A64593 /* Frameworks */,
				CE9BF047257FAF0800A64593 /* Resources */,
			);
			buildRules = (
			);
			dependencies = (
				CE9BF04B257FAF0800A64593 /* PBXTargetDependency */,
			);
			name = RecipleaseTests;
			productName = RecipleaseTests;
			productReference = CE9BF049257FAF0800A64593 /* RecipleaseTests.xctest */;
			productType = "com.apple.product-type.bundle.unit-test";
		};
/* End PBXNativeTarget section */

/* Begin PBXProject section */
		CE9BF028257FAF0500A64593 /* Project object */ = {
			isa = PBXProject;
			attributes = {
				LastSwiftUpdateCheck = 1220;
				LastUpgradeCheck = 1220;
				TargetAttributes = {
					CE9BF02F257FAF0500A64593 = {
						CreatedOnToolsVersion = 12.2;
					};
					CE9BF048257FAF0800A64593 = {
						CreatedOnToolsVersion = 12.2;
						TestTargetID = CE9BF02F257FAF0500A64593;
					};
				};
			};
			buildConfigurationList = CE9BF02B257FAF0500A64593 /* Build configuration list for PBXProject "Reciplease" */;
			compatibilityVersion = "Xcode 9.3";
			developmentRegion = en;
			hasScannedForEncodings = 0;
			knownRegions = (
				en,
				Base,
			);
			mainGroup = CE9BF027257FAF0500A64593;
			productRefGroup = CE9BF031257FAF0500A64593 /* Products */;
			projectDirPath = "";
			projectRoot = "";
			targets = (
				CE9BF02F257FAF0500A64593 /* Reciplease */,
				CE9BF048257FAF0800A64593 /* RecipleaseTests */,
			);
		};
/* End PBXProject section */

/* Begin PBXResourcesBuildPhase section */
		CE9BF02E257FAF0500A64593 /* Resources */ = {
			isa = PBXResourcesBuildPhase;
			buildActionMask = 2147483647;
			files = (
				CE9BF043257FAF0800A64593 /* LaunchScreen.storyboard in Resources */,
				CE9BF040257FAF0800A64593 /* Assets.xcassets in Resources */,
				CE9BF03B257FAF0500A64593 /* Main.storyboard in Resources */,
				CECEEAA125A22D62009A4608 /* RecipeTableViewCell.xib in Resources */,
			);
			runOnlyForDeploymentPostprocessing = 0;
		};
		CE9BF047257FAF0800A64593 /* Resources */ = {
			isa = PBXResourcesBuildPhase;
			buildActionMask = 2147483647;
			files = (
				CE8AB81B25B9D2B500FC7302 /* recipe.json in Resources */,
			);
			runOnlyForDeploymentPostprocessing = 0;
		};
/* End PBXResourcesBuildPhase section */

/* Begin PBXShellScriptBuildPhase section */
		42D337814EFEDE56DE0BC227 /* [CP] Check Pods Manifest.lock */ = {
			isa = PBXShellScriptBuildPhase;
			buildActionMask = 2147483647;
			files = (
			);
			inputFileListPaths = (
			);
			inputPaths = (
				"${PODS_PODFILE_DIR_PATH}/Podfile.lock",
				"${PODS_ROOT}/Manifest.lock",
			);
			name = "[CP] Check Pods Manifest.lock";
			outputFileListPaths = (
			);
			outputPaths = (
				"$(DERIVED_FILE_DIR)/Pods-Reciplease-checkManifestLockResult.txt",
			);
			runOnlyForDeploymentPostprocessing = 0;
			shellPath = /bin/sh;
			shellScript = "diff \"${PODS_PODFILE_DIR_PATH}/Podfile.lock\" \"${PODS_ROOT}/Manifest.lock\" > /dev/null\nif [ $? != 0 ] ; then\n    # print error to STDERR\n    echo \"error: The sandbox is not in sync with the Podfile.lock. Run 'pod install' or update your CocoaPods installation.\" >&2\n    exit 1\nfi\n# This output is used by Xcode 'outputs' to avoid re-running this script phase.\necho \"SUCCESS\" > \"${SCRIPT_OUTPUT_FILE_0}\"\n";
			showEnvVarsInLog = 0;
		};
		CD25D2B514E580DD2D402FA5 /* [CP] Embed Pods Frameworks */ = {
			isa = PBXShellScriptBuildPhase;
			buildActionMask = 2147483647;
			files = (
			);
			inputFileListPaths = (
				"${PODS_ROOT}/Target Support Files/Pods-Reciplease/Pods-Reciplease-frameworks-${CONFIGURATION}-input-files.xcfilelist",
			);
			name = "[CP] Embed Pods Frameworks";
			outputFileListPaths = (
				"${PODS_ROOT}/Target Support Files/Pods-Reciplease/Pods-Reciplease-frameworks-${CONFIGURATION}-output-files.xcfilelist",
			);
			runOnlyForDeploymentPostprocessing = 0;
			shellPath = /bin/sh;
			shellScript = "\"${PODS_ROOT}/Target Support Files/Pods-Reciplease/Pods-Reciplease-frameworks.sh\"\n";
			showEnvVarsInLog = 0;
		};
		CE1F57B5B865BCF98D466330 /* [CP] Check Pods Manifest.lock */ = {
			isa = PBXShellScriptBuildPhase;
			buildActionMask = 2147483647;
			files = (
			);
			inputFileListPaths = (
			);
			inputPaths = (
				"${PODS_PODFILE_DIR_PATH}/Podfile.lock",
				"${PODS_ROOT}/Manifest.lock",
			);
			name = "[CP] Check Pods Manifest.lock";
			outputFileListPaths = (
			);
			outputPaths = (
				"$(DERIVED_FILE_DIR)/Pods-RecipleaseTests-checkManifestLockResult.txt",
			);
			runOnlyForDeploymentPostprocessing = 0;
			shellPath = /bin/sh;
			shellScript = "diff \"${PODS_PODFILE_DIR_PATH}/Podfile.lock\" \"${PODS_ROOT}/Manifest.lock\" > /dev/null\nif [ $? != 0 ] ; then\n    # print error to STDERR\n    echo \"error: The sandbox is not in sync with the Podfile.lock. Run 'pod install' or update your CocoaPods installation.\" >&2\n    exit 1\nfi\n# This output is used by Xcode 'outputs' to avoid re-running this script phase.\necho \"SUCCESS\" > \"${SCRIPT_OUTPUT_FILE_0}\"\n";
			showEnvVarsInLog = 0;
		};
/* End PBXShellScriptBuildPhase section */

/* Begin PBXSourcesBuildPhase section */
		CE9BF02C257FAF0500A64593 /* Sources */ = {
			isa = PBXSourcesBuildPhase;
			buildActionMask = 2147483647;
			files = (
				CE8F18D725A874E700304435 /* UIViewControler+Alert.swift in Sources */,
				CE9BF03E257FAF0500A64593 /* Reciplease.xcdatamodeld in Sources */,
				CEBCDBEE2580066900BB4E44 /* NetworkError.swift in Sources */,
				CE9BF06A257FB34000A64593 /* Recipes.swift in Sources */,
				CEF139F62588171700991948 /* CoreDataStack.swift in Sources */,
				CE9BF038257FAF0500A64593 /* SearchViewController.swift in Sources */,
				CE91F5F72593812F0055C140 /* RecipeTableViewCell.swift in Sources */,
				CEE1B23325825B9000A161AB /* FavoriteViewController.swift in Sources */,
				CE8F18E625A896B400304435 /* ExtansionString.swift in Sources */,
				CE08966C258761C30071FCF3 /* Logger.swift in Sources */,
				CEF139FC2588175B00991948 /* CoreDataManager.swift in Sources */,
				CE9BF07E257FB3F400A64593 /* ReceipeSession.swift in Sources */,
				CE9BF070257FB3C500A64593 /* RequestService.swift in Sources */,
				CE9BF034257FAF0500A64593 /* AppDelegate.swift in Sources */,
				CEB043A925A686A40079BD15 /* RecipeDisplay.swift in Sources */,
				CE8F18EB25A898E300304435 /* APIconfig.swift in Sources */,
				CEF82156259D32C600C28A31 /* DetailViewController.swift in Sources */,
				CE9BF036257FAF0500A64593 /* SceneDelegate.swift in Sources */,
				CEE1B22E25823EF400A161AB /* RecipeViewController.swift in Sources */,
			);
			runOnlyForDeploymentPostprocessing = 0;
		};
		CE9BF045257FAF0800A64593 /* Sources */ = {
			isa = PBXSourcesBuildPhase;
			buildActionMask = 2147483647;
			files = (
				CE8AB81725B9C7B100FC7302 /* FakeSession.swift in Sources */,
				CE8AB7FF25B1B16100FC7302 /* CoreDataManagerTest.swift in Sources */,
				CE8AB81125B9C71400FC7302 /* FakeResponseData.swift in Sources */,
				CE9BF04E257FAF0800A64593 /* RecipleaseTests.swift in Sources */,
				CE8AB7FA25B1B11600FC7302 /* MockCoreDataStack.swift in Sources */,
			);
			runOnlyForDeploymentPostprocessing = 0;
		};
/* End PBXSourcesBuildPhase section */

/* Begin PBXTargetDependency section */
		CE9BF04B257FAF0800A64593 /* PBXTargetDependency */ = {
			isa = PBXTargetDependency;
			target = CE9BF02F257FAF0500A64593 /* Reciplease */;
			targetProxy = CE9BF04A257FAF0800A64593 /* PBXContainerItemProxy */;
		};
/* End PBXTargetDependency section */

/* Begin PBXVariantGroup section */
		CE9BF039257FAF0500A64593 /* Main.storyboard */ = {
			isa = PBXVariantGroup;
			children = (
				CE9BF03A257FAF0500A64593 /* Base */,
			);
			name = Main.storyboard;
			sourceTree = "<group>";
		};
		CE9BF041257FAF0800A64593 /* LaunchScreen.storyboard */ = {
			isa = PBXVariantGroup;
			children = (
				CE9BF042257FAF0800A64593 /* Base */,
			);
			name = LaunchScreen.storyboard;
			sourceTree = "<group>";
		};
/* End PBXVariantGroup section */

/* Begin XCBuildConfiguration section */
		CE9BF05B257FAF0800A64593 /* Debug */ = {
			isa = XCBuildConfiguration;
			buildSettings = {
				ALWAYS_SEARCH_USER_PATHS = NO;
				CLANG_ANALYZER_NONNULL = YES;
				CLANG_ANALYZER_NUMBER_OBJECT_CONVERSION = YES_AGGRESSIVE;
				CLANG_CXX_LANGUAGE_STANDARD = "gnu++14";
				CLANG_CXX_LIBRARY = "libc++";
				CLANG_ENABLE_MODULES = YES;
				CLANG_ENABLE_OBJC_ARC = YES;
				CLANG_ENABLE_OBJC_WEAK = YES;
				CLANG_WARN_BLOCK_CAPTURE_AUTORELEASING = YES;
				CLANG_WARN_BOOL_CONVERSION = YES;
				CLANG_WARN_COMMA = YES;
				CLANG_WARN_CONSTANT_CONVERSION = YES;
				CLANG_WARN_DEPRECATED_OBJC_IMPLEMENTATIONS = YES;
				CLANG_WARN_DIRECT_OBJC_ISA_USAGE = YES_ERROR;
				CLANG_WARN_DOCUMENTATION_COMMENTS = YES;
				CLANG_WARN_EMPTY_BODY = YES;
				CLANG_WARN_ENUM_CONVERSION = YES;
				CLANG_WARN_INFINITE_RECURSION = YES;
				CLANG_WARN_INT_CONVERSION = YES;
				CLANG_WARN_NON_LITERAL_NULL_CONVERSION = YES;
				CLANG_WARN_OBJC_IMPLICIT_RETAIN_SELF = YES;
				CLANG_WARN_OBJC_LITERAL_CONVERSION = YES;
				CLANG_WARN_OBJC_ROOT_CLASS = YES_ERROR;
				CLANG_WARN_QUOTED_INCLUDE_IN_FRAMEWORK_HEADER = YES;
				CLANG_WARN_RANGE_LOOP_ANALYSIS = YES;
				CLANG_WARN_STRICT_PROTOTYPES = YES;
				CLANG_WARN_SUSPICIOUS_MOVE = YES;
				CLANG_WARN_UNGUARDED_AVAILABILITY = YES_AGGRESSIVE;
				CLANG_WARN_UNREACHABLE_CODE = YES;
				CLANG_WARN__DUPLICATE_METHOD_MATCH = YES;
				COPY_PHASE_STRIP = NO;
				DEBUG_INFORMATION_FORMAT = dwarf;
				ENABLE_STRICT_OBJC_MSGSEND = YES;
				ENABLE_TESTABILITY = YES;
				GCC_C_LANGUAGE_STANDARD = gnu11;
				GCC_DYNAMIC_NO_PIC = NO;
				GCC_NO_COMMON_BLOCKS = YES;
				GCC_OPTIMIZATION_LEVEL = 0;
				GCC_PREPROCESSOR_DEFINITIONS = (
					"DEBUG=1",
					"$(inherited)",
				);
				GCC_WARN_64_TO_32_BIT_CONVERSION = YES;
				GCC_WARN_ABOUT_RETURN_TYPE = YES_ERROR;
				GCC_WARN_UNDECLARED_SELECTOR = YES;
				GCC_WARN_UNINITIALIZED_AUTOS = YES_AGGRESSIVE;
				GCC_WARN_UNUSED_FUNCTION = YES;
				GCC_WARN_UNUSED_VARIABLE = YES;
				IPHONEOS_DEPLOYMENT_TARGET = 14.2;
				MTL_ENABLE_DEBUG_INFO = INCLUDE_SOURCE;
				MTL_FAST_MATH = YES;
				ONLY_ACTIVE_ARCH = YES;
				SDKROOT = iphoneos;
				SWIFT_ACTIVE_COMPILATION_CONDITIONS = DEBUG;
				SWIFT_OPTIMIZATION_LEVEL = "-Onone";
			};
			name = Debug;
		};
		CE9BF05C257FAF0800A64593 /* Release */ = {
			isa = XCBuildConfiguration;
			buildSettings = {
				ALWAYS_SEARCH_USER_PATHS = NO;
				CLANG_ANALYZER_NONNULL = YES;
				CLANG_ANALYZER_NUMBER_OBJECT_CONVERSION = YES_AGGRESSIVE;
				CLANG_CXX_LANGUAGE_STANDARD = "gnu++14";
				CLANG_CXX_LIBRARY = "libc++";
				CLANG_ENABLE_MODULES = YES;
				CLANG_ENABLE_OBJC_ARC = YES;
				CLANG_ENABLE_OBJC_WEAK = YES;
				CLANG_WARN_BLOCK_CAPTURE_AUTORELEASING = YES;
				CLANG_WARN_BOOL_CONVERSION = YES;
				CLANG_WARN_COMMA = YES;
				CLANG_WARN_CONSTANT_CONVERSION = YES;
				CLANG_WARN_DEPRECATED_OBJC_IMPLEMENTATIONS = YES;
				CLANG_WARN_DIRECT_OBJC_ISA_USAGE = YES_ERROR;
				CLANG_WARN_DOCUMENTATION_COMMENTS = YES;
				CLANG_WARN_EMPTY_BODY = YES;
				CLANG_WARN_ENUM_CONVERSION = YES;
				CLANG_WARN_INFINITE_RECURSION = YES;
				CLANG_WARN_INT_CONVERSION = YES;
				CLANG_WARN_NON_LITERAL_NULL_CONVERSION = YES;
				CLANG_WARN_OBJC_IMPLICIT_RETAIN_SELF = YES;
				CLANG_WARN_OBJC_LITERAL_CONVERSION = YES;
				CLANG_WARN_OBJC_ROOT_CLASS = YES_ERROR;
				CLANG_WARN_QUOTED_INCLUDE_IN_FRAMEWORK_HEADER = YES;
				CLANG_WARN_RANGE_LOOP_ANALYSIS = YES;
				CLANG_WARN_STRICT_PROTOTYPES = YES;
				CLANG_WARN_SUSPICIOUS_MOVE = YES;
				CLANG_WARN_UNGUARDED_AVAILABILITY = YES_AGGRESSIVE;
				CLANG_WARN_UNREACHABLE_CODE = YES;
				CLANG_WARN__DUPLICATE_METHOD_MATCH = YES;
				COPY_PHASE_STRIP = NO;
				DEBUG_INFORMATION_FORMAT = "dwarf-with-dsym";
				ENABLE_NS_ASSERTIONS = NO;
				ENABLE_STRICT_OBJC_MSGSEND = YES;
				GCC_C_LANGUAGE_STANDARD = gnu11;
				GCC_NO_COMMON_BLOCKS = YES;
				GCC_WARN_64_TO_32_BIT_CONVERSION = YES;
				GCC_WARN_ABOUT_RETURN_TYPE = YES_ERROR;
				GCC_WARN_UNDECLARED_SELECTOR = YES;
				GCC_WARN_UNINITIALIZED_AUTOS = YES_AGGRESSIVE;
				GCC_WARN_UNUSED_FUNCTION = YES;
				GCC_WARN_UNUSED_VARIABLE = YES;
				IPHONEOS_DEPLOYMENT_TARGET = 14.2;
				MTL_ENABLE_DEBUG_INFO = NO;
				MTL_FAST_MATH = YES;
				SDKROOT = iphoneos;
				SWIFT_COMPILATION_MODE = wholemodule;
				SWIFT_OPTIMIZATION_LEVEL = "-O";
				VALIDATE_PRODUCT = YES;
			};
			name = Release;
		};
		CE9BF05E257FAF0800A64593 /* Debug */ = {
			isa = XCBuildConfiguration;
			baseConfigurationReference = 0C0BED9FA27667544B4FA321 /* Pods-Reciplease.debug.xcconfig */;
			buildSettings = {
				ASSETCATALOG_COMPILER_APPICON_NAME = AppIcon;
				ASSETCATALOG_COMPILER_GLOBAL_ACCENT_COLOR_NAME = AccentColor;
				CODE_SIGN_STYLE = Automatic;
				DEVELOPMENT_TEAM = 3NYLP3F6GN;
				INFOPLIST_FILE = Reciplease/Info.plist;
				LD_RUNPATH_SEARCH_PATHS = (
					"$(inherited)",
					"@executable_path/Frameworks",
				);
				PRODUCT_BUNDLE_IDENTIFIER = com.adammab.Reciplease;
				PRODUCT_NAME = "$(TARGET_NAME)";
				SWIFT_VERSION = 5.0;
				TARGETED_DEVICE_FAMILY = "1,2";
			};
			name = Debug;
		};
		CE9BF05F257FAF0800A64593 /* Release */ = {
			isa = XCBuildConfiguration;
			baseConfigurationReference = CB05C92BDED4A63A9AE86CD1 /* Pods-Reciplease.release.xcconfig */;
			buildSettings = {
				ASSETCATALOG_COMPILER_APPICON_NAME = AppIcon;
				ASSETCATALOG_COMPILER_GLOBAL_ACCENT_COLOR_NAME = AccentColor;
				CODE_SIGN_STYLE = Automatic;
				DEVELOPMENT_TEAM = 3NYLP3F6GN;
				INFOPLIST_FILE = Reciplease/Info.plist;
				LD_RUNPATH_SEARCH_PATHS = (
					"$(inherited)",
					"@executable_path/Frameworks",
				);
				PRODUCT_BUNDLE_IDENTIFIER = com.adammab.Reciplease;
				PRODUCT_NAME = "$(TARGET_NAME)";
				SWIFT_VERSION = 5.0;
				TARGETED_DEVICE_FAMILY = "1,2";
			};
			name = Release;
		};
		CE9BF061257FAF0800A64593 /* Debug */ = {
			isa = XCBuildConfiguration;
			baseConfigurationReference = FDE119C0BA76FD240CB659CB /* Pods-RecipleaseTests.debug.xcconfig */;
			buildSettings = {
				ALWAYS_EMBED_SWIFT_STANDARD_LIBRARIES = YES;
				BUNDLE_LOADER = "$(TEST_HOST)";
				CODE_SIGN_STYLE = Automatic;
				DEVELOPMENT_TEAM = 3NYLP3F6GN;
				INFOPLIST_FILE = RecipleaseTests/Info.plist;
				IPHONEOS_DEPLOYMENT_TARGET = 14.2;
				LD_RUNPATH_SEARCH_PATHS = (
					"$(inherited)",
					"@executable_path/Frameworks",
					"@loader_path/Frameworks",
				);
				PRODUCT_BUNDLE_IDENTIFIER = com.adammab.RecipleaseTests;
				PRODUCT_NAME = "$(TARGET_NAME)";
				SWIFT_VERSION = 5.0;
				TARGETED_DEVICE_FAMILY = "1,2";
				TEST_HOST = "$(BUILT_PRODUCTS_DIR)/Reciplease.app/Reciplease";
			};
			name = Debug;
		};
		CE9BF062257FAF0800A64593 /* Release */ = {
			isa = XCBuildConfiguration;
			baseConfigurationReference = 16B52A3B200B54B0F7E68639 /* Pods-RecipleaseTests.release.xcconfig */;
			buildSettings = {
				ALWAYS_EMBED_SWIFT_STANDARD_LIBRARIES = YES;
				BUNDLE_LOADER = "$(TEST_HOST)";
				CODE_SIGN_STYLE = Automatic;
				DEVELOPMENT_TEAM = 3NYLP3F6GN;
				INFOPLIST_FILE = RecipleaseTests/Info.plist;
				IPHONEOS_DEPLOYMENT_TARGET = 14.2;
				LD_RUNPATH_SEARCH_PATHS = (
					"$(inherited)",
					"@executable_path/Frameworks",
					"@loader_path/Frameworks",
				);
				PRODUCT_BUNDLE_IDENTIFIER = com.adammab.RecipleaseTests;
				PRODUCT_NAME = "$(TARGET_NAME)";
				SWIFT_VERSION = 5.0;
				TARGETED_DEVICE_FAMILY = "1,2";
				TEST_HOST = "$(BUILT_PRODUCTS_DIR)/Reciplease.app/Reciplease";
			};
			name = Release;
		};
/* End XCBuildConfiguration section */

/* Begin XCConfigurationList section */
		CE9BF02B257FAF0500A64593 /* Build configuration list for PBXProject "Reciplease" */ = {
			isa = XCConfigurationList;
			buildConfigurations = (
				CE9BF05B257FAF0800A64593 /* Debug */,
				CE9BF05C257FAF0800A64593 /* Release */,
			);
			defaultConfigurationIsVisible = 0;
			defaultConfigurationName = Release;
		};
		CE9BF05D257FAF0800A64593 /* Build configuration list for PBXNativeTarget "Reciplease" */ = {
			isa = XCConfigurationList;
			buildConfigurations = (
				CE9BF05E257FAF0800A64593 /* Debug */,
				CE9BF05F257FAF0800A64593 /* Release */,
			);
			defaultConfigurationIsVisible = 0;
			defaultConfigurationName = Release;
		};
		CE9BF060257FAF0800A64593 /* Build configuration list for PBXNativeTarget "RecipleaseTests" */ = {
			isa = XCConfigurationList;
			buildConfigurations = (
				CE9BF061257FAF0800A64593 /* Debug */,
				CE9BF062257FAF0800A64593 /* Release */,
			);
			defaultConfigurationIsVisible = 0;
			defaultConfigurationName = Release;
		};
/* End XCConfigurationList section */

/* Begin XCVersionGroup section */
		CE9BF03C257FAF0500A64593 /* Reciplease.xcdatamodeld */ = {
			isa = XCVersionGroup;
			children = (
				CE9BF03D257FAF0500A64593 /* Reciplease.xcdatamodel */,
			);
			currentVersion = CE9BF03D257FAF0500A64593 /* Reciplease.xcdatamodel */;
			path = Reciplease.xcdatamodeld;
			sourceTree = "<group>";
			versionGroupType = wrapper.xcdatamodel;
		};
/* End XCVersionGroup section */
	};
	rootObject = CE9BF028257FAF0500A64593 /* Project object */;
}
